
Microsoft Visual Studio Solution File, Format Version 12.00
# Visual Studio Version 16
VisualStudioVersion = 16.0.29021.104
MinimumVisualStudioVersion = 10.0.40219.1
Project("{2150E333-8FDC-42A3-9474-1A3956D46DE8}") = "src", "src", "{828F1202-D420-46FD-918A-64F11C9A1AAF}"
EndProject
Project("{2150E333-8FDC-42A3-9474-1A3956D46DE8}") = "tests", "tests", "{3D915078-E806-4E67-ADF1-0E887A9E0680}"
EndProject
Project("{9A19103F-16F7-4668-BE54-9A1E7A4F7556}") = "AppService", "src\AppService\AppService.csproj", "{F5A76666-B800-4ED8-BAAC-51E6ACFF13D4}"
EndProject
Project("{9A19103F-16F7-4668-BE54-9A1E7A4F7556}") = "AppService.Client", "src\AppService.Client\AppService.Client.csproj", "{11119153-C54A-4AEE-B400-FCC5AC8920E9}"
EndProject
Project("{9A19103F-16F7-4668-BE54-9A1E7A4F7556}") = "AppService.Tests", "tests\AppService.Tests\AppService.Tests.csproj", "{A127A7A3-7828-47C4-A359-7799F93E8C0D}"
EndProject
Project("{FAE04EC0-301F-11D3-BF4B-00C04F79EFBC}") = "AccessControl.Android", "src\MobileApp\AccessControl\AccessControl.Android\AccessControl.Android.csproj", "{406950D9-BE51-4361-A675-3F57BB73E458}"
EndProject
Project("{FAE04EC0-301F-11D3-BF4B-00C04F79EFBC}") = "AccessControl.iOS", "src\MobileApp\AccessControl\AccessControl.iOS\AccessControl.iOS.csproj", "{709374D3-6AA7-4D75-9B8C-C2F4547BE218}"
EndProject
Project("{9A19103F-16F7-4668-BE54-9A1E7A4F7556}") = "AccessControl", "src\MobileApp\AccessControl\AccessControl\AccessControl.csproj", "{15A4C24E-3A9F-4E07-A474-2EA60319A986}"
EndProject
Project("{2150E333-8FDC-42A3-9474-1A3956D46DE8}") = "MobileApp", "MobileApp", "{F8A6F13F-EAAD-4537-8830-8C740132FF07}"
EndProject
Project("{2150E333-8FDC-42A3-9474-1A3956D46DE8}") = "MobileApp", "MobileApp", "{19E241C1-97DC-41EE-8929-8643307D8519}"
EndProject
Project("{9A19103F-16F7-4668-BE54-9A1E7A4F7556}") = "AccessControl.Tests", "tests\MobileApp\AccessControl.Tests\AccessControl.Tests.csproj", "{6EA8A02C-F85E-45CE-9317-5A8FCFF72C0D}"
EndProject
Project("{9A19103F-16F7-4668-BE54-9A1E7A4F7556}") = "AppService.Core", "src\AppService.Core\AppService.Core.csproj", "{D5231B37-C48F-454B-A331-C6D3E230DF73}"
EndProject
Project("{9A19103F-16F7-4668-BE54-9A1E7A4F7556}") = "AccessPoint", "src\AccessPoint\AccessPoint.csproj", "{E39A8B5E-3165-44B3-A594-8C8B828449D4}"
EndProject
Project("{9A19103F-16F7-4668-BE54-9A1E7A4F7556}") = "EventListenerTest", "src\EventListenerTest\EventListenerTest.csproj", "{B4AEABC7-B8F3-486D-8389-53ECCC45CFA9}"
EndProject
Project("{2150E333-8FDC-42A3-9474-1A3956D46DE8}") = "Solution Items", "Solution Items", "{3EFF94C8-4D19-44E7-A307-D032D6B962C2}"
	ProjectSection(SolutionItems) = preProject
		.editorconfig = .editorconfig
		.gitignore = .gitignore
		README.md = README.md
	EndProjectSection
EndProject
Project("{9A19103F-16F7-4668-BE54-9A1E7A4F7556}") = "AccessControl.Events", "src\AccessControl.Events\AccessControl.Events.csproj", "{AA860099-DED5-4479-80AC-80DA1FF443BA}"
EndProject
Project("{9A19103F-16F7-4668-BE54-9A1E7A4F7556}") = "AccessControl.Commands", "src\AccessControl.Commands\AccessControl.Commands.csproj", "{C842771A-3675-465B-8811-F5A46D5F306A}"
EndProject
Project("{9A19103F-16F7-4668-BE54-9A1E7A4F7556}") = "AccessControl.WebPortal", "src\AccessControl.WebPortal\AccessControl.WebPortal.csproj", "{EFE0F124-B6EE-4CBA-AD85-AC37B606CD87}"
EndProject
Project("{9A19103F-16F7-4668-BE54-9A1E7A4F7556}") = "AppService.Common", "src\AppService.Common\AppService.Common.csproj", "{A16E2715-9AF3-4D66-B799-4DD6E11371E8}"
EndProject
Project("{9A19103F-16F7-4668-BE54-9A1E7A4F7556}") = "AppService.Domain", "src\AppService.Domain\AppService.Domain.csproj", "{22C23188-0F0C-4EAC-A476-CE2EA6ED14A2}"
EndProject
Project("{9A19103F-16F7-4668-BE54-9A1E7A4F7556}") = "AppService.Application", "src\AppService.Application\AppService.Application.csproj", "{8CD88162-5F79-4B34-9E8C-1CF1592F7268}"
EndProject
Project("{9A19103F-16F7-4668-BE54-9A1E7A4F7556}") = "AppService.Persistence", "src\AppService.Persistence\AppService.Persistence.csproj", "{B6533507-E36B-444E-B661-35CBC452D365}"
EndProject
Project("{2150E333-8FDC-42A3-9474-1A3956D46DE8}") = "AppService", "AppService", "{79DF4256-FAC5-43CC-B0C3-57854FE17142}"
EndProject
Project("{2150E333-8FDC-42A3-9474-1A3956D46DE8}") = "AccessPoint", "AccessPoint", "{EC07DEB7-A9BF-49B7-92C6-1BEC8CFA0719}"
EndProject
Project("{2150E333-8FDC-42A3-9474-1A3956D46DE8}") = "Web", "Web", "{4FCBD0C4-6ADE-4053-9C43-7160030CEC23}"
EndProject
Global
	GlobalSection(SolutionConfigurationPlatforms) = preSolution
		Debug|Any CPU = Debug|Any CPU
		Debug|iPhone = Debug|iPhone
		Debug|iPhoneSimulator = Debug|iPhoneSimulator
		Release|Any CPU = Release|Any CPU
		Release|iPhone = Release|iPhone
		Release|iPhoneSimulator = Release|iPhoneSimulator
	EndGlobalSection
	GlobalSection(ProjectConfigurationPlatforms) = postSolution
		{F5A76666-B800-4ED8-BAAC-51E6ACFF13D4}.Debug|Any CPU.ActiveCfg = Debug|Any CPU
		{F5A76666-B800-4ED8-BAAC-51E6ACFF13D4}.Debug|Any CPU.Build.0 = Debug|Any CPU
		{F5A76666-B800-4ED8-BAAC-51E6ACFF13D4}.Debug|iPhone.ActiveCfg = Debug|Any CPU
		{F5A76666-B800-4ED8-BAAC-51E6ACFF13D4}.Debug|iPhone.Build.0 = Debug|Any CPU
		{F5A76666-B800-4ED8-BAAC-51E6ACFF13D4}.Debug|iPhoneSimulator.ActiveCfg = Debug|Any CPU
		{F5A76666-B800-4ED8-BAAC-51E6ACFF13D4}.Debug|iPhoneSimulator.Build.0 = Debug|Any CPU
		{F5A76666-B800-4ED8-BAAC-51E6ACFF13D4}.Release|Any CPU.ActiveCfg = Release|Any CPU
		{F5A76666-B800-4ED8-BAAC-51E6ACFF13D4}.Release|Any CPU.Build.0 = Release|Any CPU
		{F5A76666-B800-4ED8-BAAC-51E6ACFF13D4}.Release|iPhone.ActiveCfg = Release|Any CPU
		{F5A76666-B800-4ED8-BAAC-51E6ACFF13D4}.Release|iPhone.Build.0 = Release|Any CPU
		{F5A76666-B800-4ED8-BAAC-51E6ACFF13D4}.Release|iPhoneSimulator.ActiveCfg = Release|Any CPU
		{F5A76666-B800-4ED8-BAAC-51E6ACFF13D4}.Release|iPhoneSimulator.Build.0 = Release|Any CPU
		{11119153-C54A-4AEE-B400-FCC5AC8920E9}.Debug|Any CPU.ActiveCfg = Debug|Any CPU
		{11119153-C54A-4AEE-B400-FCC5AC8920E9}.Debug|Any CPU.Build.0 = Debug|Any CPU
		{11119153-C54A-4AEE-B400-FCC5AC8920E9}.Debug|iPhone.ActiveCfg = Debug|Any CPU
		{11119153-C54A-4AEE-B400-FCC5AC8920E9}.Debug|iPhone.Build.0 = Debug|Any CPU
		{11119153-C54A-4AEE-B400-FCC5AC8920E9}.Debug|iPhoneSimulator.ActiveCfg = Debug|Any CPU
		{11119153-C54A-4AEE-B400-FCC5AC8920E9}.Debug|iPhoneSimulator.Build.0 = Debug|Any CPU
		{11119153-C54A-4AEE-B400-FCC5AC8920E9}.Release|Any CPU.ActiveCfg = Release|Any CPU
		{11119153-C54A-4AEE-B400-FCC5AC8920E9}.Release|Any CPU.Build.0 = Release|Any CPU
		{11119153-C54A-4AEE-B400-FCC5AC8920E9}.Release|iPhone.ActiveCfg = Release|Any CPU
		{11119153-C54A-4AEE-B400-FCC5AC8920E9}.Release|iPhone.Build.0 = Release|Any CPU
		{11119153-C54A-4AEE-B400-FCC5AC8920E9}.Release|iPhoneSimulator.ActiveCfg = Release|Any CPU
		{11119153-C54A-4AEE-B400-FCC5AC8920E9}.Release|iPhoneSimulator.Build.0 = Release|Any CPU
		{A127A7A3-7828-47C4-A359-7799F93E8C0D}.Debug|Any CPU.ActiveCfg = Debug|Any CPU
		{A127A7A3-7828-47C4-A359-7799F93E8C0D}.Debug|Any CPU.Build.0 = Debug|Any CPU
		{A127A7A3-7828-47C4-A359-7799F93E8C0D}.Debug|iPhone.ActiveCfg = Debug|Any CPU
		{A127A7A3-7828-47C4-A359-7799F93E8C0D}.Debug|iPhone.Build.0 = Debug|Any CPU
		{A127A7A3-7828-47C4-A359-7799F93E8C0D}.Debug|iPhoneSimulator.ActiveCfg = Debug|Any CPU
		{A127A7A3-7828-47C4-A359-7799F93E8C0D}.Debug|iPhoneSimulator.Build.0 = Debug|Any CPU
		{A127A7A3-7828-47C4-A359-7799F93E8C0D}.Release|Any CPU.ActiveCfg = Release|Any CPU
		{A127A7A3-7828-47C4-A359-7799F93E8C0D}.Release|Any CPU.Build.0 = Release|Any CPU
		{A127A7A3-7828-47C4-A359-7799F93E8C0D}.Release|iPhone.ActiveCfg = Release|Any CPU
		{A127A7A3-7828-47C4-A359-7799F93E8C0D}.Release|iPhone.Build.0 = Release|Any CPU
		{A127A7A3-7828-47C4-A359-7799F93E8C0D}.Release|iPhoneSimulator.ActiveCfg = Release|Any CPU
		{A127A7A3-7828-47C4-A359-7799F93E8C0D}.Release|iPhoneSimulator.Build.0 = Release|Any CPU
		{406950D9-BE51-4361-A675-3F57BB73E458}.Debug|Any CPU.ActiveCfg = Debug|Any CPU
		{406950D9-BE51-4361-A675-3F57BB73E458}.Debug|Any CPU.Build.0 = Debug|Any CPU
		{406950D9-BE51-4361-A675-3F57BB73E458}.Debug|Any CPU.Deploy.0 = Debug|Any CPU
		{406950D9-BE51-4361-A675-3F57BB73E458}.Debug|iPhone.ActiveCfg = Debug|Any CPU
		{406950D9-BE51-4361-A675-3F57BB73E458}.Debug|iPhone.Build.0 = Debug|Any CPU
		{406950D9-BE51-4361-A675-3F57BB73E458}.Debug|iPhone.Deploy.0 = Debug|Any CPU
		{406950D9-BE51-4361-A675-3F57BB73E458}.Debug|iPhoneSimulator.ActiveCfg = Debug|Any CPU
		{406950D9-BE51-4361-A675-3F57BB73E458}.Debug|iPhoneSimulator.Build.0 = Debug|Any CPU
		{406950D9-BE51-4361-A675-3F57BB73E458}.Debug|iPhoneSimulator.Deploy.0 = Debug|Any CPU
		{406950D9-BE51-4361-A675-3F57BB73E458}.Release|Any CPU.ActiveCfg = Release|Any CPU
		{406950D9-BE51-4361-A675-3F57BB73E458}.Release|Any CPU.Build.0 = Release|Any CPU
		{406950D9-BE51-4361-A675-3F57BB73E458}.Release|Any CPU.Deploy.0 = Release|Any CPU
		{406950D9-BE51-4361-A675-3F57BB73E458}.Release|iPhone.ActiveCfg = Release|Any CPU
		{406950D9-BE51-4361-A675-3F57BB73E458}.Release|iPhone.Build.0 = Release|Any CPU
		{406950D9-BE51-4361-A675-3F57BB73E458}.Release|iPhone.Deploy.0 = Release|Any CPU
		{406950D9-BE51-4361-A675-3F57BB73E458}.Release|iPhoneSimulator.ActiveCfg = Release|Any CPU
		{406950D9-BE51-4361-A675-3F57BB73E458}.Release|iPhoneSimulator.Build.0 = Release|Any CPU
		{406950D9-BE51-4361-A675-3F57BB73E458}.Release|iPhoneSimulator.Deploy.0 = Release|Any CPU
		{709374D3-6AA7-4D75-9B8C-C2F4547BE218}.Debug|Any CPU.ActiveCfg = Debug|iPhone
		{709374D3-6AA7-4D75-9B8C-C2F4547BE218}.Debug|Any CPU.Build.0 = Debug|iPhone
		{709374D3-6AA7-4D75-9B8C-C2F4547BE218}.Debug|iPhone.ActiveCfg = Debug|iPhone
		{709374D3-6AA7-4D75-9B8C-C2F4547BE218}.Debug|iPhone.Build.0 = Debug|iPhone
		{709374D3-6AA7-4D75-9B8C-C2F4547BE218}.Debug|iPhoneSimulator.ActiveCfg = Debug|iPhoneSimulator
		{709374D3-6AA7-4D75-9B8C-C2F4547BE218}.Debug|iPhoneSimulator.Build.0 = Debug|iPhoneSimulator
		{709374D3-6AA7-4D75-9B8C-C2F4547BE218}.Release|Any CPU.ActiveCfg = Release|iPhone
		{709374D3-6AA7-4D75-9B8C-C2F4547BE218}.Release|iPhone.ActiveCfg = Release|iPhone
		{709374D3-6AA7-4D75-9B8C-C2F4547BE218}.Release|iPhone.Build.0 = Release|iPhone
		{709374D3-6AA7-4D75-9B8C-C2F4547BE218}.Release|iPhoneSimulator.ActiveCfg = Release|iPhoneSimulator
		{709374D3-6AA7-4D75-9B8C-C2F4547BE218}.Release|iPhoneSimulator.Build.0 = Release|iPhoneSimulator
		{15A4C24E-3A9F-4E07-A474-2EA60319A986}.Debug|Any CPU.ActiveCfg = Debug|Any CPU
		{15A4C24E-3A9F-4E07-A474-2EA60319A986}.Debug|Any CPU.Build.0 = Debug|Any CPU
		{15A4C24E-3A9F-4E07-A474-2EA60319A986}.Debug|iPhone.ActiveCfg = Debug|Any CPU
		{15A4C24E-3A9F-4E07-A474-2EA60319A986}.Debug|iPhone.Build.0 = Debug|Any CPU
		{15A4C24E-3A9F-4E07-A474-2EA60319A986}.Debug|iPhoneSimulator.ActiveCfg = Debug|Any CPU
		{15A4C24E-3A9F-4E07-A474-2EA60319A986}.Debug|iPhoneSimulator.Build.0 = Debug|Any CPU
		{15A4C24E-3A9F-4E07-A474-2EA60319A986}.Release|Any CPU.ActiveCfg = Release|Any CPU
		{15A4C24E-3A9F-4E07-A474-2EA60319A986}.Release|Any CPU.Build.0 = Release|Any CPU
		{15A4C24E-3A9F-4E07-A474-2EA60319A986}.Release|iPhone.ActiveCfg = Release|Any CPU
		{15A4C24E-3A9F-4E07-A474-2EA60319A986}.Release|iPhone.Build.0 = Release|Any CPU
		{15A4C24E-3A9F-4E07-A474-2EA60319A986}.Release|iPhoneSimulator.ActiveCfg = Release|Any CPU
		{15A4C24E-3A9F-4E07-A474-2EA60319A986}.Release|iPhoneSimulator.Build.0 = Release|Any CPU
		{6EA8A02C-F85E-45CE-9317-5A8FCFF72C0D}.Debug|Any CPU.ActiveCfg = Debug|Any CPU
		{6EA8A02C-F85E-45CE-9317-5A8FCFF72C0D}.Debug|Any CPU.Build.0 = Debug|Any CPU
		{6EA8A02C-F85E-45CE-9317-5A8FCFF72C0D}.Debug|iPhone.ActiveCfg = Debug|Any CPU
		{6EA8A02C-F85E-45CE-9317-5A8FCFF72C0D}.Debug|iPhone.Build.0 = Debug|Any CPU
		{6EA8A02C-F85E-45CE-9317-5A8FCFF72C0D}.Debug|iPhoneSimulator.ActiveCfg = Debug|Any CPU
		{6EA8A02C-F85E-45CE-9317-5A8FCFF72C0D}.Debug|iPhoneSimulator.Build.0 = Debug|Any CPU
		{6EA8A02C-F85E-45CE-9317-5A8FCFF72C0D}.Release|Any CPU.ActiveCfg = Release|Any CPU
		{6EA8A02C-F85E-45CE-9317-5A8FCFF72C0D}.Release|Any CPU.Build.0 = Release|Any CPU
		{6EA8A02C-F85E-45CE-9317-5A8FCFF72C0D}.Release|iPhone.ActiveCfg = Release|Any CPU
		{6EA8A02C-F85E-45CE-9317-5A8FCFF72C0D}.Release|iPhone.Build.0 = Release|Any CPU
		{6EA8A02C-F85E-45CE-9317-5A8FCFF72C0D}.Release|iPhoneSimulator.ActiveCfg = Release|Any CPU
		{6EA8A02C-F85E-45CE-9317-5A8FCFF72C0D}.Release|iPhoneSimulator.Build.0 = Release|Any CPU
		{D5231B37-C48F-454B-A331-C6D3E230DF73}.Debug|Any CPU.ActiveCfg = Debug|Any CPU
		{D5231B37-C48F-454B-A331-C6D3E230DF73}.Debug|Any CPU.Build.0 = Debug|Any CPU
		{D5231B37-C48F-454B-A331-C6D3E230DF73}.Debug|iPhone.ActiveCfg = Debug|Any CPU
		{D5231B37-C48F-454B-A331-C6D3E230DF73}.Debug|iPhone.Build.0 = Debug|Any CPU
		{D5231B37-C48F-454B-A331-C6D3E230DF73}.Debug|iPhoneSimulator.ActiveCfg = Debug|Any CPU
		{D5231B37-C48F-454B-A331-C6D3E230DF73}.Debug|iPhoneSimulator.Build.0 = Debug|Any CPU
		{D5231B37-C48F-454B-A331-C6D3E230DF73}.Release|Any CPU.ActiveCfg = Release|Any CPU
		{D5231B37-C48F-454B-A331-C6D3E230DF73}.Release|Any CPU.Build.0 = Release|Any CPU
		{D5231B37-C48F-454B-A331-C6D3E230DF73}.Release|iPhone.ActiveCfg = Release|Any CPU
		{D5231B37-C48F-454B-A331-C6D3E230DF73}.Release|iPhone.Build.0 = Release|Any CPU
		{D5231B37-C48F-454B-A331-C6D3E230DF73}.Release|iPhoneSimulator.ActiveCfg = Release|Any CPU
		{D5231B37-C48F-454B-A331-C6D3E230DF73}.Release|iPhoneSimulator.Build.0 = Release|Any CPU
		{E39A8B5E-3165-44B3-A594-8C8B828449D4}.Debug|Any CPU.ActiveCfg = Debug|Any CPU
		{E39A8B5E-3165-44B3-A594-8C8B828449D4}.Debug|Any CPU.Build.0 = Debug|Any CPU
		{E39A8B5E-3165-44B3-A594-8C8B828449D4}.Debug|iPhone.ActiveCfg = Debug|Any CPU
		{E39A8B5E-3165-44B3-A594-8C8B828449D4}.Debug|iPhone.Build.0 = Debug|Any CPU
		{E39A8B5E-3165-44B3-A594-8C8B828449D4}.Debug|iPhoneSimulator.ActiveCfg = Debug|Any CPU
		{E39A8B5E-3165-44B3-A594-8C8B828449D4}.Debug|iPhoneSimulator.Build.0 = Debug|Any CPU
		{E39A8B5E-3165-44B3-A594-8C8B828449D4}.Release|Any CPU.ActiveCfg = Release|Any CPU
		{E39A8B5E-3165-44B3-A594-8C8B828449D4}.Release|Any CPU.Build.0 = Release|Any CPU
		{E39A8B5E-3165-44B3-A594-8C8B828449D4}.Release|iPhone.ActiveCfg = Release|Any CPU
		{E39A8B5E-3165-44B3-A594-8C8B828449D4}.Release|iPhone.Build.0 = Release|Any CPU
		{E39A8B5E-3165-44B3-A594-8C8B828449D4}.Release|iPhoneSimulator.ActiveCfg = Release|Any CPU
		{E39A8B5E-3165-44B3-A594-8C8B828449D4}.Release|iPhoneSimulator.Build.0 = Release|Any CPU
		{B4AEABC7-B8F3-486D-8389-53ECCC45CFA9}.Debug|Any CPU.ActiveCfg = Debug|Any CPU
		{B4AEABC7-B8F3-486D-8389-53ECCC45CFA9}.Debug|Any CPU.Build.0 = Debug|Any CPU
		{B4AEABC7-B8F3-486D-8389-53ECCC45CFA9}.Debug|iPhone.ActiveCfg = Debug|Any CPU
		{B4AEABC7-B8F3-486D-8389-53ECCC45CFA9}.Debug|iPhone.Build.0 = Debug|Any CPU
		{B4AEABC7-B8F3-486D-8389-53ECCC45CFA9}.Debug|iPhoneSimulator.ActiveCfg = Debug|Any CPU
		{B4AEABC7-B8F3-486D-8389-53ECCC45CFA9}.Debug|iPhoneSimulator.Build.0 = Debug|Any CPU
		{B4AEABC7-B8F3-486D-8389-53ECCC45CFA9}.Release|Any CPU.ActiveCfg = Release|Any CPU
		{B4AEABC7-B8F3-486D-8389-53ECCC45CFA9}.Release|Any CPU.Build.0 = Release|Any CPU
		{B4AEABC7-B8F3-486D-8389-53ECCC45CFA9}.Release|iPhone.ActiveCfg = Release|Any CPU
		{B4AEABC7-B8F3-486D-8389-53ECCC45CFA9}.Release|iPhone.Build.0 = Release|Any CPU
		{B4AEABC7-B8F3-486D-8389-53ECCC45CFA9}.Release|iPhoneSimulator.ActiveCfg = Release|Any CPU
		{B4AEABC7-B8F3-486D-8389-53ECCC45CFA9}.Release|iPhoneSimulator.Build.0 = Release|Any CPU
		{AA860099-DED5-4479-80AC-80DA1FF443BA}.Debug|Any CPU.ActiveCfg = Debug|Any CPU
		{AA860099-DED5-4479-80AC-80DA1FF443BA}.Debug|Any CPU.Build.0 = Debug|Any CPU
		{AA860099-DED5-4479-80AC-80DA1FF443BA}.Debug|iPhone.ActiveCfg = Debug|Any CPU
		{AA860099-DED5-4479-80AC-80DA1FF443BA}.Debug|iPhone.Build.0 = Debug|Any CPU
		{AA860099-DED5-4479-80AC-80DA1FF443BA}.Debug|iPhoneSimulator.ActiveCfg = Debug|Any CPU
		{AA860099-DED5-4479-80AC-80DA1FF443BA}.Debug|iPhoneSimulator.Build.0 = Debug|Any CPU
		{AA860099-DED5-4479-80AC-80DA1FF443BA}.Release|Any CPU.ActiveCfg = Release|Any CPU
		{AA860099-DED5-4479-80AC-80DA1FF443BA}.Release|Any CPU.Build.0 = Release|Any CPU
		{AA860099-DED5-4479-80AC-80DA1FF443BA}.Release|iPhone.ActiveCfg = Release|Any CPU
		{AA860099-DED5-4479-80AC-80DA1FF443BA}.Release|iPhone.Build.0 = Release|Any CPU
		{AA860099-DED5-4479-80AC-80DA1FF443BA}.Release|iPhoneSimulator.ActiveCfg = Release|Any CPU
		{AA860099-DED5-4479-80AC-80DA1FF443BA}.Release|iPhoneSimulator.Build.0 = Release|Any CPU
		{C842771A-3675-465B-8811-F5A46D5F306A}.Debug|Any CPU.ActiveCfg = Debug|Any CPU
		{C842771A-3675-465B-8811-F5A46D5F306A}.Debug|Any CPU.Build.0 = Debug|Any CPU
		{C842771A-3675-465B-8811-F5A46D5F306A}.Debug|iPhone.ActiveCfg = Debug|Any CPU
		{C842771A-3675-465B-8811-F5A46D5F306A}.Debug|iPhone.Build.0 = Debug|Any CPU
		{C842771A-3675-465B-8811-F5A46D5F306A}.Debug|iPhoneSimulator.ActiveCfg = Debug|Any CPU
		{C842771A-3675-465B-8811-F5A46D5F306A}.Debug|iPhoneSimulator.Build.0 = Debug|Any CPU
		{C842771A-3675-465B-8811-F5A46D5F306A}.Release|Any CPU.ActiveCfg = Release|Any CPU
		{C842771A-3675-465B-8811-F5A46D5F306A}.Release|Any CPU.Build.0 = Release|Any CPU
		{C842771A-3675-465B-8811-F5A46D5F306A}.Release|iPhone.ActiveCfg = Release|Any CPU
		{C842771A-3675-465B-8811-F5A46D5F306A}.Release|iPhone.Build.0 = Release|Any CPU
		{C842771A-3675-465B-8811-F5A46D5F306A}.Release|iPhoneSimulator.ActiveCfg = Release|Any CPU
		{C842771A-3675-465B-8811-F5A46D5F306A}.Release|iPhoneSimulator.Build.0 = Release|Any CPU
		{EFE0F124-B6EE-4CBA-AD85-AC37B606CD87}.Debug|Any CPU.ActiveCfg = Debug|Any CPU
		{EFE0F124-B6EE-4CBA-AD85-AC37B606CD87}.Debug|Any CPU.Build.0 = Debug|Any CPU
		{EFE0F124-B6EE-4CBA-AD85-AC37B606CD87}.Debug|iPhone.ActiveCfg = Debug|Any CPU
		{EFE0F124-B6EE-4CBA-AD85-AC37B606CD87}.Debug|iPhone.Build.0 = Debug|Any CPU
		{EFE0F124-B6EE-4CBA-AD85-AC37B606CD87}.Debug|iPhoneSimulator.ActiveCfg = Debug|Any CPU
		{EFE0F124-B6EE-4CBA-AD85-AC37B606CD87}.Debug|iPhoneSimulator.Build.0 = Debug|Any CPU
		{EFE0F124-B6EE-4CBA-AD85-AC37B606CD87}.Release|Any CPU.ActiveCfg = Release|Any CPU
		{EFE0F124-B6EE-4CBA-AD85-AC37B606CD87}.Release|Any CPU.Build.0 = Release|Any CPU
		{EFE0F124-B6EE-4CBA-AD85-AC37B606CD87}.Release|iPhone.ActiveCfg = Release|Any CPU
		{EFE0F124-B6EE-4CBA-AD85-AC37B606CD87}.Release|iPhone.Build.0 = Release|Any CPU
		{EFE0F124-B6EE-4CBA-AD85-AC37B606CD87}.Release|iPhoneSimulator.ActiveCfg = Release|Any CPU
		{EFE0F124-B6EE-4CBA-AD85-AC37B606CD87}.Release|iPhoneSimulator.Build.0 = Release|Any CPU
		{A16E2715-9AF3-4D66-B799-4DD6E11371E8}.Debug|Any CPU.ActiveCfg = Debug|Any CPU
		{A16E2715-9AF3-4D66-B799-4DD6E11371E8}.Debug|Any CPU.Build.0 = Debug|Any CPU
		{A16E2715-9AF3-4D66-B799-4DD6E11371E8}.Debug|iPhone.ActiveCfg = Debug|Any CPU
		{A16E2715-9AF3-4D66-B799-4DD6E11371E8}.Debug|iPhone.Build.0 = Debug|Any CPU
		{A16E2715-9AF3-4D66-B799-4DD6E11371E8}.Debug|iPhoneSimulator.ActiveCfg = Debug|Any CPU
		{A16E2715-9AF3-4D66-B799-4DD6E11371E8}.Debug|iPhoneSimulator.Build.0 = Debug|Any CPU
		{A16E2715-9AF3-4D66-B799-4DD6E11371E8}.Release|Any CPU.ActiveCfg = Release|Any CPU
		{A16E2715-9AF3-4D66-B799-4DD6E11371E8}.Release|Any CPU.Build.0 = Release|Any CPU
		{A16E2715-9AF3-4D66-B799-4DD6E11371E8}.Release|iPhone.ActiveCfg = Release|Any CPU
		{A16E2715-9AF3-4D66-B799-4DD6E11371E8}.Release|iPhone.Build.0 = Release|Any CPU
		{A16E2715-9AF3-4D66-B799-4DD6E11371E8}.Release|iPhoneSimulator.ActiveCfg = Release|Any CPU
		{A16E2715-9AF3-4D66-B799-4DD6E11371E8}.Release|iPhoneSimulator.Build.0 = Release|Any CPU
		{22C23188-0F0C-4EAC-A476-CE2EA6ED14A2}.Debug|Any CPU.ActiveCfg = Debug|Any CPU
		{22C23188-0F0C-4EAC-A476-CE2EA6ED14A2}.Debug|Any CPU.Build.0 = Debug|Any CPU
		{22C23188-0F0C-4EAC-A476-CE2EA6ED14A2}.Debug|iPhone.ActiveCfg = Debug|Any CPU
		{22C23188-0F0C-4EAC-A476-CE2EA6ED14A2}.Debug|iPhone.Build.0 = Debug|Any CPU
		{22C23188-0F0C-4EAC-A476-CE2EA6ED14A2}.Debug|iPhoneSimulator.ActiveCfg = Debug|Any CPU
		{22C23188-0F0C-4EAC-A476-CE2EA6ED14A2}.Debug|iPhoneSimulator.Build.0 = Debug|Any CPU
		{22C23188-0F0C-4EAC-A476-CE2EA6ED14A2}.Release|Any CPU.ActiveCfg = Release|Any CPU
		{22C23188-0F0C-4EAC-A476-CE2EA6ED14A2}.Release|Any CPU.Build.0 = Release|Any CPU
		{22C23188-0F0C-4EAC-A476-CE2EA6ED14A2}.Release|iPhone.ActiveCfg = Release|Any CPU
		{22C23188-0F0C-4EAC-A476-CE2EA6ED14A2}.Release|iPhone.Build.0 = Release|Any CPU
		{22C23188-0F0C-4EAC-A476-CE2EA6ED14A2}.Release|iPhoneSimulator.ActiveCfg = Release|Any CPU
		{22C23188-0F0C-4EAC-A476-CE2EA6ED14A2}.Release|iPhoneSimulator.Build.0 = Release|Any CPU
		{8CD88162-5F79-4B34-9E8C-1CF1592F7268}.Debug|Any CPU.ActiveCfg = Debug|Any CPU
		{8CD88162-5F79-4B34-9E8C-1CF1592F7268}.Debug|Any CPU.Build.0 = Debug|Any CPU
		{8CD88162-5F79-4B34-9E8C-1CF1592F7268}.Debug|iPhone.ActiveCfg = Debug|Any CPU
		{8CD88162-5F79-4B34-9E8C-1CF1592F7268}.Debug|iPhone.Build.0 = Debug|Any CPU
		{8CD88162-5F79-4B34-9E8C-1CF1592F7268}.Debug|iPhoneSimulator.ActiveCfg = Debug|Any CPU
		{8CD88162-5F79-4B34-9E8C-1CF1592F7268}.Debug|iPhoneSimulator.Build.0 = Debug|Any CPU
		{8CD88162-5F79-4B34-9E8C-1CF1592F7268}.Release|Any CPU.ActiveCfg = Release|Any CPU
		{8CD88162-5F79-4B34-9E8C-1CF1592F7268}.Release|Any CPU.Build.0 = Release|Any CPU
		{8CD88162-5F79-4B34-9E8C-1CF1592F7268}.Release|iPhone.ActiveCfg = Release|Any CPU
		{8CD88162-5F79-4B34-9E8C-1CF1592F7268}.Release|iPhone.Build.0 = Release|Any CPU
		{8CD88162-5F79-4B34-9E8C-1CF1592F7268}.Release|iPhoneSimulator.ActiveCfg = Release|Any CPU
		{8CD88162-5F79-4B34-9E8C-1CF1592F7268}.Release|iPhoneSimulator.Build.0 = Release|Any CPU
		{B6533507-E36B-444E-B661-35CBC452D365}.Debug|Any CPU.ActiveCfg = Debug|Any CPU
		{B6533507-E36B-444E-B661-35CBC452D365}.Debug|Any CPU.Build.0 = Debug|Any CPU
		{B6533507-E36B-444E-B661-35CBC452D365}.Debug|iPhone.ActiveCfg = Debug|Any CPU
		{B6533507-E36B-444E-B661-35CBC452D365}.Debug|iPhone.Build.0 = Debug|Any CPU
		{B6533507-E36B-444E-B661-35CBC452D365}.Debug|iPhoneSimulator.ActiveCfg = Debug|Any CPU
		{B6533507-E36B-444E-B661-35CBC452D365}.Debug|iPhoneSimulator.Build.0 = Debug|Any CPU
		{B6533507-E36B-444E-B661-35CBC452D365}.Release|Any CPU.ActiveCfg = Release|Any CPU
		{B6533507-E36B-444E-B661-35CBC452D365}.Release|Any CPU.Build.0 = Release|Any CPU
		{B6533507-E36B-444E-B661-35CBC452D365}.Release|iPhone.ActiveCfg = Release|Any CPU
		{B6533507-E36B-444E-B661-35CBC452D365}.Release|iPhone.Build.0 = Release|Any CPU
		{B6533507-E36B-444E-B661-35CBC452D365}.Release|iPhoneSimulator.ActiveCfg = Release|Any CPU
		{B6533507-E36B-444E-B661-35CBC452D365}.Release|iPhoneSimulator.Build.0 = Release|Any CPU
	EndGlobalSection
	GlobalSection(SolutionProperties) = preSolution
		HideSolutionNode = FALSE
	EndGlobalSection
	GlobalSection(NestedProjects) = preSolution
		{F5A76666-B800-4ED8-BAAC-51E6ACFF13D4} = {79DF4256-FAC5-43CC-B0C3-57854FE17142}
		{11119153-C54A-4AEE-B400-FCC5AC8920E9} = {79DF4256-FAC5-43CC-B0C3-57854FE17142}
		{A127A7A3-7828-47C4-A359-7799F93E8C0D} = {3D915078-E806-4E67-ADF1-0E887A9E0680}
		{406950D9-BE51-4361-A675-3F57BB73E458} = {F8A6F13F-EAAD-4537-8830-8C740132FF07}
		{709374D3-6AA7-4D75-9B8C-C2F4547BE218} = {F8A6F13F-EAAD-4537-8830-8C740132FF07}
		{15A4C24E-3A9F-4E07-A474-2EA60319A986} = {F8A6F13F-EAAD-4537-8830-8C740132FF07}
		{F8A6F13F-EAAD-4537-8830-8C740132FF07} = {828F1202-D420-46FD-918A-64F11C9A1AAF}
		{19E241C1-97DC-41EE-8929-8643307D8519} = {3D915078-E806-4E67-ADF1-0E887A9E0680}
		{6EA8A02C-F85E-45CE-9317-5A8FCFF72C0D} = {19E241C1-97DC-41EE-8929-8643307D8519}
		{D5231B37-C48F-454B-A331-C6D3E230DF73} = {79DF4256-FAC5-43CC-B0C3-57854FE17142}
		{E39A8B5E-3165-44B3-A594-8C8B828449D4} = {EC07DEB7-A9BF-49B7-92C6-1BEC8CFA0719}
		{B4AEABC7-B8F3-486D-8389-53ECCC45CFA9} = {828F1202-D420-46FD-918A-64F11C9A1AAF}
		{AA860099-DED5-4479-80AC-80DA1FF443BA} = {828F1202-D420-46FD-918A-64F11C9A1AAF}
		{C842771A-3675-465B-8811-F5A46D5F306A} = {828F1202-D420-46FD-918A-64F11C9A1AAF}
		{EFE0F124-B6EE-4CBA-AD85-AC37B606CD87} = {4FCBD0C4-6ADE-4053-9C43-7160030CEC23}
		{A16E2715-9AF3-4D66-B799-4DD6E11371E8} = {79DF4256-FAC5-43CC-B0C3-57854FE17142}
		{22C23188-0F0C-4EAC-A476-CE2EA6ED14A2} = {79DF4256-FAC5-43CC-B0C3-57854FE17142}
		{8CD88162-5F79-4B34-9E8C-1CF1592F7268} = {79DF4256-FAC5-43CC-B0C3-57854FE17142}
		{B6533507-E36B-444E-B661-35CBC452D365} = {79DF4256-FAC5-43CC-B0C3-57854FE17142}
		{79DF4256-FAC5-43CC-B0C3-57854FE17142} = {828F1202-D420-46FD-918A-64F11C9A1AAF}
		{EC07DEB7-A9BF-49B7-92C6-1BEC8CFA0719} = {828F1202-D420-46FD-918A-64F11C9A1AAF}
		{4FCBD0C4-6ADE-4053-9C43-7160030CEC23} = {828F1202-D420-46FD-918A-64F11C9A1AAF}
	EndGlobalSection
	GlobalSection(ExtensibilityGlobals) = postSolution
		SolutionGuid = {E0738F95-BE87-4581-BF1C-F0A2F2866DF3}
	EndGlobalSection
EndGlobal
