
Microsoft Visual Studio Solution File, Format Version 12.00
# Visual Studio Version 16
VisualStudioVersion = 16.0.29021.104
MinimumVisualStudioVersion = 10.0.40219.1
Project("{2150E333-8FDC-42A3-9474-1A3956D46DE8}") = "src", "src", "{828F1202-D420-46FD-918A-64F11C9A1AAF}"
EndProject
Project("{2150E333-8FDC-42A3-9474-1A3956D46DE8}") = "tests", "tests", "{3D915078-E806-4E67-ADF1-0E887A9E0680}"
EndProject
Project("{FAE04EC0-301F-11D3-BF4B-00C04F79EFBC}") = "AppService", "src\AppService\AppService\AppService.csproj", "{F5A76666-B800-4ED8-BAAC-51E6ACFF13D4}"
EndProject
Project("{FAE04EC0-301F-11D3-BF4B-00C04F79EFBC}") = "AppService.Client", "src\AppService\AppService.Client\AppService.Client.csproj", "{11119153-C54A-4AEE-B400-FCC5AC8920E9}"
EndProject
Project("{FAE04EC0-301F-11D3-BF4B-00C04F79EFBC}") = "AppService.Tests", "tests\AppService.Tests\AppService.Tests.csproj", "{A127A7A3-7828-47C4-A359-7799F93E8C0D}"
EndProject
Project("{FAE04EC0-301F-11D3-BF4B-00C04F79EFBC}") = "AccessControl.Tests", "tests\MobileApp\AccessControl.Tests\AccessControl.Tests.csproj", "{6EA8A02C-F85E-45CE-9317-5A8FCFF72C0D}"
EndProject
Project("{FAE04EC0-301F-11D3-BF4B-00C04F79EFBC}") = "AccessPoint", "src\AccessPoint\AccessPoint\AccessPoint.csproj", "{E39A8B5E-3165-44B3-A594-8C8B828449D4}"
EndProject
Project("{2150E333-8FDC-42A3-9474-1A3956D46DE8}") = "Solution Items", "Solution Items", "{3EFF94C8-4D19-44E7-A307-D032D6B962C2}"
	ProjectSection(SolutionItems) = preProject
		.editorconfig = .editorconfig
		.gitignore = .gitignore
		README.md = README.md
		tye.yaml = tye.yaml
	EndProjectSection
EndProject
Project("{FAE04EC0-301F-11D3-BF4B-00C04F79EFBC}") = "WebApp.Client", "src\WebApp\WebApp.Client\WebApp.Client.csproj", "{EFE0F124-B6EE-4CBA-AD85-AC37B606CD87}"
EndProject
Project("{FAE04EC0-301F-11D3-BF4B-00C04F79EFBC}") = "AppService.Domain", "src\AppService\AppService.Domain\AppService.Domain.csproj", "{22C23188-0F0C-4EAC-A476-CE2EA6ED14A2}"
EndProject
Project("{FAE04EC0-301F-11D3-BF4B-00C04F79EFBC}") = "AppService.Application", "src\AppService\AppService.Application\AppService.Application.csproj", "{8CD88162-5F79-4B34-9E8C-1CF1592F7268}"
EndProject
Project("{FAE04EC0-301F-11D3-BF4B-00C04F79EFBC}") = "AppService.Infrastructure", "src\AppService\AppService.Infrastructure\AppService.Infrastructure.csproj", "{B6533507-E36B-444E-B661-35CBC452D365}"
EndProject
Project("{2150E333-8FDC-42A3-9474-1A3956D46DE8}") = "AppService", "AppService", "{79DF4256-FAC5-43CC-B0C3-57854FE17142}"
EndProject
Project("{FAE04EC0-301F-11D3-BF4B-00C04F79EFBC}") = "WebApp.Server", "src\WebApp\WebApp.Server\WebApp.Server.csproj", "{A6298B62-6B00-4039-8D41-0D88E30B7E7D}"
EndProject
Project("{2150E333-8FDC-42A3-9474-1A3956D46DE8}") = "AccessPoint", "AccessPoint", "{94BC29AA-6705-494D-9530-B5818129389A}"
EndProject
Project("{FAE04EC0-301F-11D3-BF4B-00C04F79EFBC}") = "AccessPoint.Application", "src\AccessPoint\AccessPoint.Application\AccessPoint.Application.csproj", "{19B61390-F70D-4E42-9470-FE2334EFEA3E}"
EndProject
Project("{2150E333-8FDC-42A3-9474-1A3956D46DE8}") = "WebApp", "WebApp", "{2E7AC85C-5CB1-4CBD-878B-69A44CF087E2}"
EndProject
Project("{FAE04EC0-301F-11D3-BF4B-00C04F79EFBC}") = "AccessControl.Contracts", "src\AccessControl.Contracts\AccessControl.Contracts.csproj", "{06A458CF-9063-484A-9974-8597A7D8353D}"
EndProject
Project("{FAE04EC0-301F-11D3-BF4B-00C04F79EFBC}") = "ClientApp", "src\WebApp\ClientApp\ClientApp.csproj", "{293DF9DB-EEC4-42C9-99B5-AC0650A52DD5}"
EndProject
Project("{2150E333-8FDC-42A3-9474-1A3956D46DE8}") = "IdentityService", "IdentityService", "{8CDAFA2B-8F11-4FAF-AC0D-9AFB74E2BDC8}"
EndProject
Project("{FAE04EC0-301F-11D3-BF4B-00C04F79EFBC}") = "IdentityService", "src\IdentityService\IdentityService\IdentityService.csproj", "{9760026E-C1AC-41CE-8253-32722DE5612D}"
EndProject
Project("{FAE04EC0-301F-11D3-BF4B-00C04F79EFBC}") = "IdentityService.Client", "src\IdentityService\IdentityService.Client\IdentityService.Client.csproj", "{2D2D347B-9A8E-4C22-85E9-A93748E29E93}"
EndProject
Project("{FAE04EC0-301F-11D3-BF4B-00C04F79EFBC}") = "IdentityService.Contracts", "src\IdentityService\IdentityService.Contracts\IdentityService.Contracts.csproj", "{E2C00D39-A8CF-48A1-9563-EC343598CA9B}"
EndProject
Project("{FAE04EC0-301F-11D3-BF4B-00C04F79EFBC}") = "IdentityService.UI", "src\IdentityService\IdentityService.UI\IdentityService.UI.csproj", "{180C74A1-3D99-44F5-9EDC-7668AAD0A87F}"
EndProject
Project("{2150E333-8FDC-42A3-9474-1A3956D46DE8}") = "Catalog", "Catalog", "{344F6058-814D-4CF2-86A6-F50D48DDC114}"
EndProject
Project("{FAE04EC0-301F-11D3-BF4B-00C04F79EFBC}") = "Catalog.Services", "src\Catalog\Catalog.Services\Catalog.Services.csproj", "{E3CACA78-2F0B-4B10-8762-56980FD1D58A}"
EndProject
Project("{FAE04EC0-301F-11D3-BF4B-00C04F79EFBC}") = "Catalog.Shared", "src\Catalog\Catalog.Shared\Catalog.Shared.csproj", "{9ADA01C8-8752-4693-807B-A42ADAE44A70}"
EndProject
Global
	GlobalSection(SolutionConfigurationPlatforms) = preSolution
		Debug|Any CPU = Debug|Any CPU
		Debug|iPhone = Debug|iPhone
		Debug|iPhoneSimulator = Debug|iPhoneSimulator
		Release|Any CPU = Release|Any CPU
		Release|iPhone = Release|iPhone
		Release|iPhoneSimulator = Release|iPhoneSimulator
	EndGlobalSection
	GlobalSection(ProjectConfigurationPlatforms) = postSolution
		{F5A76666-B800-4ED8-BAAC-51E6ACFF13D4}.Debug|Any CPU.ActiveCfg = Debug|Any CPU
		{F5A76666-B800-4ED8-BAAC-51E6ACFF13D4}.Debug|Any CPU.Build.0 = Debug|Any CPU
		{F5A76666-B800-4ED8-BAAC-51E6ACFF13D4}.Debug|iPhone.ActiveCfg = Debug|Any CPU
		{F5A76666-B800-4ED8-BAAC-51E6ACFF13D4}.Debug|iPhone.Build.0 = Debug|Any CPU
		{F5A76666-B800-4ED8-BAAC-51E6ACFF13D4}.Debug|iPhoneSimulator.ActiveCfg = Debug|Any CPU
		{F5A76666-B800-4ED8-BAAC-51E6ACFF13D4}.Debug|iPhoneSimulator.Build.0 = Debug|Any CPU
		{F5A76666-B800-4ED8-BAAC-51E6ACFF13D4}.Release|Any CPU.ActiveCfg = Release|Any CPU
		{F5A76666-B800-4ED8-BAAC-51E6ACFF13D4}.Release|Any CPU.Build.0 = Release|Any CPU
		{F5A76666-B800-4ED8-BAAC-51E6ACFF13D4}.Release|iPhone.ActiveCfg = Release|Any CPU
		{F5A76666-B800-4ED8-BAAC-51E6ACFF13D4}.Release|iPhone.Build.0 = Release|Any CPU
		{F5A76666-B800-4ED8-BAAC-51E6ACFF13D4}.Release|iPhoneSimulator.ActiveCfg = Release|Any CPU
		{F5A76666-B800-4ED8-BAAC-51E6ACFF13D4}.Release|iPhoneSimulator.Build.0 = Release|Any CPU
		{11119153-C54A-4AEE-B400-FCC5AC8920E9}.Debug|Any CPU.ActiveCfg = Debug|Any CPU
		{11119153-C54A-4AEE-B400-FCC5AC8920E9}.Debug|Any CPU.Build.0 = Debug|Any CPU
		{11119153-C54A-4AEE-B400-FCC5AC8920E9}.Debug|iPhone.ActiveCfg = Debug|Any CPU
		{11119153-C54A-4AEE-B400-FCC5AC8920E9}.Debug|iPhone.Build.0 = Debug|Any CPU
		{11119153-C54A-4AEE-B400-FCC5AC8920E9}.Debug|iPhoneSimulator.ActiveCfg = Debug|Any CPU
		{11119153-C54A-4AEE-B400-FCC5AC8920E9}.Debug|iPhoneSimulator.Build.0 = Debug|Any CPU
		{11119153-C54A-4AEE-B400-FCC5AC8920E9}.Release|Any CPU.ActiveCfg = Release|Any CPU
		{11119153-C54A-4AEE-B400-FCC5AC8920E9}.Release|Any CPU.Build.0 = Release|Any CPU
		{11119153-C54A-4AEE-B400-FCC5AC8920E9}.Release|iPhone.ActiveCfg = Release|Any CPU
		{11119153-C54A-4AEE-B400-FCC5AC8920E9}.Release|iPhone.Build.0 = Release|Any CPU
		{11119153-C54A-4AEE-B400-FCC5AC8920E9}.Release|iPhoneSimulator.ActiveCfg = Release|Any CPU
		{11119153-C54A-4AEE-B400-FCC5AC8920E9}.Release|iPhoneSimulator.Build.0 = Release|Any CPU
		{A127A7A3-7828-47C4-A359-7799F93E8C0D}.Debug|Any CPU.ActiveCfg = Debug|Any CPU
		{A127A7A3-7828-47C4-A359-7799F93E8C0D}.Debug|Any CPU.Build.0 = Debug|Any CPU
		{A127A7A3-7828-47C4-A359-7799F93E8C0D}.Debug|iPhone.ActiveCfg = Debug|Any CPU
		{A127A7A3-7828-47C4-A359-7799F93E8C0D}.Debug|iPhone.Build.0 = Debug|Any CPU
		{A127A7A3-7828-47C4-A359-7799F93E8C0D}.Debug|iPhoneSimulator.ActiveCfg = Debug|Any CPU
		{A127A7A3-7828-47C4-A359-7799F93E8C0D}.Debug|iPhoneSimulator.Build.0 = Debug|Any CPU
		{A127A7A3-7828-47C4-A359-7799F93E8C0D}.Release|Any CPU.ActiveCfg = Release|Any CPU
		{A127A7A3-7828-47C4-A359-7799F93E8C0D}.Release|Any CPU.Build.0 = Release|Any CPU
		{A127A7A3-7828-47C4-A359-7799F93E8C0D}.Release|iPhone.ActiveCfg = Release|Any CPU
		{A127A7A3-7828-47C4-A359-7799F93E8C0D}.Release|iPhone.Build.0 = Release|Any CPU
		{A127A7A3-7828-47C4-A359-7799F93E8C0D}.Release|iPhoneSimulator.ActiveCfg = Release|Any CPU
		{A127A7A3-7828-47C4-A359-7799F93E8C0D}.Release|iPhoneSimulator.Build.0 = Release|Any CPU
		{6EA8A02C-F85E-45CE-9317-5A8FCFF72C0D}.Debug|Any CPU.ActiveCfg = Debug|Any CPU
		{6EA8A02C-F85E-45CE-9317-5A8FCFF72C0D}.Debug|Any CPU.Build.0 = Debug|Any CPU
		{6EA8A02C-F85E-45CE-9317-5A8FCFF72C0D}.Debug|iPhone.ActiveCfg = Debug|Any CPU
		{6EA8A02C-F85E-45CE-9317-5A8FCFF72C0D}.Debug|iPhone.Build.0 = Debug|Any CPU
		{6EA8A02C-F85E-45CE-9317-5A8FCFF72C0D}.Debug|iPhoneSimulator.ActiveCfg = Debug|Any CPU
		{6EA8A02C-F85E-45CE-9317-5A8FCFF72C0D}.Debug|iPhoneSimulator.Build.0 = Debug|Any CPU
		{6EA8A02C-F85E-45CE-9317-5A8FCFF72C0D}.Release|Any CPU.ActiveCfg = Release|Any CPU
		{6EA8A02C-F85E-45CE-9317-5A8FCFF72C0D}.Release|Any CPU.Build.0 = Release|Any CPU
		{6EA8A02C-F85E-45CE-9317-5A8FCFF72C0D}.Release|iPhone.ActiveCfg = Release|Any CPU
		{6EA8A02C-F85E-45CE-9317-5A8FCFF72C0D}.Release|iPhone.Build.0 = Release|Any CPU
		{6EA8A02C-F85E-45CE-9317-5A8FCFF72C0D}.Release|iPhoneSimulator.ActiveCfg = Release|Any CPU
		{6EA8A02C-F85E-45CE-9317-5A8FCFF72C0D}.Release|iPhoneSimulator.Build.0 = Release|Any CPU
		{E39A8B5E-3165-44B3-A594-8C8B828449D4}.Debug|Any CPU.ActiveCfg = Debug|Any CPU
		{E39A8B5E-3165-44B3-A594-8C8B828449D4}.Debug|Any CPU.Build.0 = Debug|Any CPU
		{E39A8B5E-3165-44B3-A594-8C8B828449D4}.Debug|iPhone.ActiveCfg = Debug|Any CPU
		{E39A8B5E-3165-44B3-A594-8C8B828449D4}.Debug|iPhone.Build.0 = Debug|Any CPU
		{E39A8B5E-3165-44B3-A594-8C8B828449D4}.Debug|iPhoneSimulator.ActiveCfg = Debug|Any CPU
		{E39A8B5E-3165-44B3-A594-8C8B828449D4}.Debug|iPhoneSimulator.Build.0 = Debug|Any CPU
		{E39A8B5E-3165-44B3-A594-8C8B828449D4}.Release|Any CPU.ActiveCfg = Release|Any CPU
		{E39A8B5E-3165-44B3-A594-8C8B828449D4}.Release|Any CPU.Build.0 = Release|Any CPU
		{E39A8B5E-3165-44B3-A594-8C8B828449D4}.Release|iPhone.ActiveCfg = Release|Any CPU
		{E39A8B5E-3165-44B3-A594-8C8B828449D4}.Release|iPhone.Build.0 = Release|Any CPU
		{E39A8B5E-3165-44B3-A594-8C8B828449D4}.Release|iPhoneSimulator.ActiveCfg = Release|Any CPU
		{E39A8B5E-3165-44B3-A594-8C8B828449D4}.Release|iPhoneSimulator.Build.0 = Release|Any CPU
		{EFE0F124-B6EE-4CBA-AD85-AC37B606CD87}.Debug|Any CPU.ActiveCfg = Debug|Any CPU
		{EFE0F124-B6EE-4CBA-AD85-AC37B606CD87}.Debug|Any CPU.Build.0 = Debug|Any CPU
		{EFE0F124-B6EE-4CBA-AD85-AC37B606CD87}.Debug|iPhone.ActiveCfg = Debug|Any CPU
		{EFE0F124-B6EE-4CBA-AD85-AC37B606CD87}.Debug|iPhone.Build.0 = Debug|Any CPU
		{EFE0F124-B6EE-4CBA-AD85-AC37B606CD87}.Debug|iPhoneSimulator.ActiveCfg = Debug|Any CPU
		{EFE0F124-B6EE-4CBA-AD85-AC37B606CD87}.Debug|iPhoneSimulator.Build.0 = Debug|Any CPU
		{EFE0F124-B6EE-4CBA-AD85-AC37B606CD87}.Release|Any CPU.ActiveCfg = Release|Any CPU
		{EFE0F124-B6EE-4CBA-AD85-AC37B606CD87}.Release|Any CPU.Build.0 = Release|Any CPU
		{EFE0F124-B6EE-4CBA-AD85-AC37B606CD87}.Release|iPhone.ActiveCfg = Release|Any CPU
		{EFE0F124-B6EE-4CBA-AD85-AC37B606CD87}.Release|iPhone.Build.0 = Release|Any CPU
		{EFE0F124-B6EE-4CBA-AD85-AC37B606CD87}.Release|iPhoneSimulator.ActiveCfg = Release|Any CPU
		{EFE0F124-B6EE-4CBA-AD85-AC37B606CD87}.Release|iPhoneSimulator.Build.0 = Release|Any CPU
		{22C23188-0F0C-4EAC-A476-CE2EA6ED14A2}.Debug|Any CPU.ActiveCfg = Debug|Any CPU
		{22C23188-0F0C-4EAC-A476-CE2EA6ED14A2}.Debug|Any CPU.Build.0 = Debug|Any CPU
		{22C23188-0F0C-4EAC-A476-CE2EA6ED14A2}.Debug|iPhone.ActiveCfg = Debug|Any CPU
		{22C23188-0F0C-4EAC-A476-CE2EA6ED14A2}.Debug|iPhone.Build.0 = Debug|Any CPU
		{22C23188-0F0C-4EAC-A476-CE2EA6ED14A2}.Debug|iPhoneSimulator.ActiveCfg = Debug|Any CPU
		{22C23188-0F0C-4EAC-A476-CE2EA6ED14A2}.Debug|iPhoneSimulator.Build.0 = Debug|Any CPU
		{22C23188-0F0C-4EAC-A476-CE2EA6ED14A2}.Release|Any CPU.ActiveCfg = Release|Any CPU
		{22C23188-0F0C-4EAC-A476-CE2EA6ED14A2}.Release|Any CPU.Build.0 = Release|Any CPU
		{22C23188-0F0C-4EAC-A476-CE2EA6ED14A2}.Release|iPhone.ActiveCfg = Release|Any CPU
		{22C23188-0F0C-4EAC-A476-CE2EA6ED14A2}.Release|iPhone.Build.0 = Release|Any CPU
		{22C23188-0F0C-4EAC-A476-CE2EA6ED14A2}.Release|iPhoneSimulator.ActiveCfg = Release|Any CPU
		{22C23188-0F0C-4EAC-A476-CE2EA6ED14A2}.Release|iPhoneSimulator.Build.0 = Release|Any CPU
		{8CD88162-5F79-4B34-9E8C-1CF1592F7268}.Debug|Any CPU.ActiveCfg = Debug|Any CPU
		{8CD88162-5F79-4B34-9E8C-1CF1592F7268}.Debug|Any CPU.Build.0 = Debug|Any CPU
		{8CD88162-5F79-4B34-9E8C-1CF1592F7268}.Debug|iPhone.ActiveCfg = Debug|Any CPU
		{8CD88162-5F79-4B34-9E8C-1CF1592F7268}.Debug|iPhone.Build.0 = Debug|Any CPU
		{8CD88162-5F79-4B34-9E8C-1CF1592F7268}.Debug|iPhoneSimulator.ActiveCfg = Debug|Any CPU
		{8CD88162-5F79-4B34-9E8C-1CF1592F7268}.Debug|iPhoneSimulator.Build.0 = Debug|Any CPU
		{8CD88162-5F79-4B34-9E8C-1CF1592F7268}.Release|Any CPU.ActiveCfg = Release|Any CPU
		{8CD88162-5F79-4B34-9E8C-1CF1592F7268}.Release|Any CPU.Build.0 = Release|Any CPU
		{8CD88162-5F79-4B34-9E8C-1CF1592F7268}.Release|iPhone.ActiveCfg = Release|Any CPU
		{8CD88162-5F79-4B34-9E8C-1CF1592F7268}.Release|iPhone.Build.0 = Release|Any CPU
		{8CD88162-5F79-4B34-9E8C-1CF1592F7268}.Release|iPhoneSimulator.ActiveCfg = Release|Any CPU
		{8CD88162-5F79-4B34-9E8C-1CF1592F7268}.Release|iPhoneSimulator.Build.0 = Release|Any CPU
		{B6533507-E36B-444E-B661-35CBC452D365}.Debug|Any CPU.ActiveCfg = Debug|Any CPU
		{B6533507-E36B-444E-B661-35CBC452D365}.Debug|Any CPU.Build.0 = Debug|Any CPU
		{B6533507-E36B-444E-B661-35CBC452D365}.Debug|iPhone.ActiveCfg = Debug|Any CPU
		{B6533507-E36B-444E-B661-35CBC452D365}.Debug|iPhone.Build.0 = Debug|Any CPU
		{B6533507-E36B-444E-B661-35CBC452D365}.Debug|iPhoneSimulator.ActiveCfg = Debug|Any CPU
		{B6533507-E36B-444E-B661-35CBC452D365}.Debug|iPhoneSimulator.Build.0 = Debug|Any CPU
		{B6533507-E36B-444E-B661-35CBC452D365}.Release|Any CPU.ActiveCfg = Release|Any CPU
		{B6533507-E36B-444E-B661-35CBC452D365}.Release|Any CPU.Build.0 = Release|Any CPU
		{B6533507-E36B-444E-B661-35CBC452D365}.Release|iPhone.ActiveCfg = Release|Any CPU
		{B6533507-E36B-444E-B661-35CBC452D365}.Release|iPhone.Build.0 = Release|Any CPU
		{B6533507-E36B-444E-B661-35CBC452D365}.Release|iPhoneSimulator.ActiveCfg = Release|Any CPU
		{B6533507-E36B-444E-B661-35CBC452D365}.Release|iPhoneSimulator.Build.0 = Release|Any CPU
		{A6298B62-6B00-4039-8D41-0D88E30B7E7D}.Debug|Any CPU.ActiveCfg = Debug|Any CPU
		{A6298B62-6B00-4039-8D41-0D88E30B7E7D}.Debug|Any CPU.Build.0 = Debug|Any CPU
		{A6298B62-6B00-4039-8D41-0D88E30B7E7D}.Debug|iPhone.ActiveCfg = Debug|Any CPU
		{A6298B62-6B00-4039-8D41-0D88E30B7E7D}.Debug|iPhone.Build.0 = Debug|Any CPU
		{A6298B62-6B00-4039-8D41-0D88E30B7E7D}.Debug|iPhoneSimulator.ActiveCfg = Debug|Any CPU
		{A6298B62-6B00-4039-8D41-0D88E30B7E7D}.Debug|iPhoneSimulator.Build.0 = Debug|Any CPU
		{A6298B62-6B00-4039-8D41-0D88E30B7E7D}.Release|Any CPU.ActiveCfg = Release|Any CPU
		{A6298B62-6B00-4039-8D41-0D88E30B7E7D}.Release|Any CPU.Build.0 = Release|Any CPU
		{A6298B62-6B00-4039-8D41-0D88E30B7E7D}.Release|iPhone.ActiveCfg = Release|Any CPU
		{A6298B62-6B00-4039-8D41-0D88E30B7E7D}.Release|iPhone.Build.0 = Release|Any CPU
		{A6298B62-6B00-4039-8D41-0D88E30B7E7D}.Release|iPhoneSimulator.ActiveCfg = Release|Any CPU
		{A6298B62-6B00-4039-8D41-0D88E30B7E7D}.Release|iPhoneSimulator.Build.0 = Release|Any CPU
		{19B61390-F70D-4E42-9470-FE2334EFEA3E}.Debug|Any CPU.ActiveCfg = Debug|Any CPU
		{19B61390-F70D-4E42-9470-FE2334EFEA3E}.Debug|Any CPU.Build.0 = Debug|Any CPU
		{19B61390-F70D-4E42-9470-FE2334EFEA3E}.Debug|iPhone.ActiveCfg = Debug|Any CPU
		{19B61390-F70D-4E42-9470-FE2334EFEA3E}.Debug|iPhone.Build.0 = Debug|Any CPU
		{19B61390-F70D-4E42-9470-FE2334EFEA3E}.Debug|iPhoneSimulator.ActiveCfg = Debug|Any CPU
		{19B61390-F70D-4E42-9470-FE2334EFEA3E}.Debug|iPhoneSimulator.Build.0 = Debug|Any CPU
		{19B61390-F70D-4E42-9470-FE2334EFEA3E}.Release|Any CPU.ActiveCfg = Release|Any CPU
		{19B61390-F70D-4E42-9470-FE2334EFEA3E}.Release|Any CPU.Build.0 = Release|Any CPU
		{19B61390-F70D-4E42-9470-FE2334EFEA3E}.Release|iPhone.ActiveCfg = Release|Any CPU
		{19B61390-F70D-4E42-9470-FE2334EFEA3E}.Release|iPhone.Build.0 = Release|Any CPU
		{19B61390-F70D-4E42-9470-FE2334EFEA3E}.Release|iPhoneSimulator.ActiveCfg = Release|Any CPU
		{19B61390-F70D-4E42-9470-FE2334EFEA3E}.Release|iPhoneSimulator.Build.0 = Release|Any CPU
		{06A458CF-9063-484A-9974-8597A7D8353D}.Debug|Any CPU.ActiveCfg = Debug|Any CPU
		{06A458CF-9063-484A-9974-8597A7D8353D}.Debug|Any CPU.Build.0 = Debug|Any CPU
		{06A458CF-9063-484A-9974-8597A7D8353D}.Debug|iPhone.ActiveCfg = Debug|Any CPU
		{06A458CF-9063-484A-9974-8597A7D8353D}.Debug|iPhone.Build.0 = Debug|Any CPU
		{06A458CF-9063-484A-9974-8597A7D8353D}.Debug|iPhoneSimulator.ActiveCfg = Debug|Any CPU
		{06A458CF-9063-484A-9974-8597A7D8353D}.Debug|iPhoneSimulator.Build.0 = Debug|Any CPU
		{06A458CF-9063-484A-9974-8597A7D8353D}.Release|Any CPU.ActiveCfg = Release|Any CPU
		{06A458CF-9063-484A-9974-8597A7D8353D}.Release|Any CPU.Build.0 = Release|Any CPU
		{06A458CF-9063-484A-9974-8597A7D8353D}.Release|iPhone.ActiveCfg = Release|Any CPU
		{06A458CF-9063-484A-9974-8597A7D8353D}.Release|iPhone.Build.0 = Release|Any CPU
		{06A458CF-9063-484A-9974-8597A7D8353D}.Release|iPhoneSimulator.ActiveCfg = Release|Any CPU
		{06A458CF-9063-484A-9974-8597A7D8353D}.Release|iPhoneSimulator.Build.0 = Release|Any CPU
		{293DF9DB-EEC4-42C9-99B5-AC0650A52DD5}.Debug|Any CPU.ActiveCfg = Debug|Any CPU
		{293DF9DB-EEC4-42C9-99B5-AC0650A52DD5}.Debug|Any CPU.Build.0 = Debug|Any CPU
		{293DF9DB-EEC4-42C9-99B5-AC0650A52DD5}.Debug|iPhone.ActiveCfg = Debug|Any CPU
		{293DF9DB-EEC4-42C9-99B5-AC0650A52DD5}.Debug|iPhone.Build.0 = Debug|Any CPU
		{293DF9DB-EEC4-42C9-99B5-AC0650A52DD5}.Debug|iPhoneSimulator.ActiveCfg = Debug|Any CPU
		{293DF9DB-EEC4-42C9-99B5-AC0650A52DD5}.Debug|iPhoneSimulator.Build.0 = Debug|Any CPU
		{293DF9DB-EEC4-42C9-99B5-AC0650A52DD5}.Release|Any CPU.ActiveCfg = Release|Any CPU
		{293DF9DB-EEC4-42C9-99B5-AC0650A52DD5}.Release|Any CPU.Build.0 = Release|Any CPU
		{293DF9DB-EEC4-42C9-99B5-AC0650A52DD5}.Release|iPhone.ActiveCfg = Release|Any CPU
		{293DF9DB-EEC4-42C9-99B5-AC0650A52DD5}.Release|iPhone.Build.0 = Release|Any CPU
		{293DF9DB-EEC4-42C9-99B5-AC0650A52DD5}.Release|iPhoneSimulator.ActiveCfg = Release|Any CPU
		{293DF9DB-EEC4-42C9-99B5-AC0650A52DD5}.Release|iPhoneSimulator.Build.0 = Release|Any CPU
		{9760026E-C1AC-41CE-8253-32722DE5612D}.Debug|Any CPU.ActiveCfg = Debug|Any CPU
		{9760026E-C1AC-41CE-8253-32722DE5612D}.Debug|Any CPU.Build.0 = Debug|Any CPU
		{9760026E-C1AC-41CE-8253-32722DE5612D}.Debug|iPhone.ActiveCfg = Debug|Any CPU
		{9760026E-C1AC-41CE-8253-32722DE5612D}.Debug|iPhone.Build.0 = Debug|Any CPU
		{9760026E-C1AC-41CE-8253-32722DE5612D}.Debug|iPhoneSimulator.ActiveCfg = Debug|Any CPU
		{9760026E-C1AC-41CE-8253-32722DE5612D}.Debug|iPhoneSimulator.Build.0 = Debug|Any CPU
		{9760026E-C1AC-41CE-8253-32722DE5612D}.Release|Any CPU.ActiveCfg = Release|Any CPU
		{9760026E-C1AC-41CE-8253-32722DE5612D}.Release|Any CPU.Build.0 = Release|Any CPU
		{9760026E-C1AC-41CE-8253-32722DE5612D}.Release|iPhone.ActiveCfg = Release|Any CPU
		{9760026E-C1AC-41CE-8253-32722DE5612D}.Release|iPhone.Build.0 = Release|Any CPU
		{9760026E-C1AC-41CE-8253-32722DE5612D}.Release|iPhoneSimulator.ActiveCfg = Release|Any CPU
		{9760026E-C1AC-41CE-8253-32722DE5612D}.Release|iPhoneSimulator.Build.0 = Release|Any CPU
		{2D2D347B-9A8E-4C22-85E9-A93748E29E93}.Debug|Any CPU.ActiveCfg = Debug|Any CPU
		{2D2D347B-9A8E-4C22-85E9-A93748E29E93}.Debug|Any CPU.Build.0 = Debug|Any CPU
		{2D2D347B-9A8E-4C22-85E9-A93748E29E93}.Debug|iPhone.ActiveCfg = Debug|Any CPU
		{2D2D347B-9A8E-4C22-85E9-A93748E29E93}.Debug|iPhone.Build.0 = Debug|Any CPU
		{2D2D347B-9A8E-4C22-85E9-A93748E29E93}.Debug|iPhoneSimulator.ActiveCfg = Debug|Any CPU
		{2D2D347B-9A8E-4C22-85E9-A93748E29E93}.Debug|iPhoneSimulator.Build.0 = Debug|Any CPU
		{2D2D347B-9A8E-4C22-85E9-A93748E29E93}.Release|Any CPU.ActiveCfg = Release|Any CPU
		{2D2D347B-9A8E-4C22-85E9-A93748E29E93}.Release|Any CPU.Build.0 = Release|Any CPU
		{2D2D347B-9A8E-4C22-85E9-A93748E29E93}.Release|iPhone.ActiveCfg = Release|Any CPU
		{2D2D347B-9A8E-4C22-85E9-A93748E29E93}.Release|iPhone.Build.0 = Release|Any CPU
		{2D2D347B-9A8E-4C22-85E9-A93748E29E93}.Release|iPhoneSimulator.ActiveCfg = Release|Any CPU
		{2D2D347B-9A8E-4C22-85E9-A93748E29E93}.Release|iPhoneSimulator.Build.0 = Release|Any CPU
		{E2C00D39-A8CF-48A1-9563-EC343598CA9B}.Debug|Any CPU.ActiveCfg = Debug|Any CPU
		{E2C00D39-A8CF-48A1-9563-EC343598CA9B}.Debug|Any CPU.Build.0 = Debug|Any CPU
		{E2C00D39-A8CF-48A1-9563-EC343598CA9B}.Debug|iPhone.ActiveCfg = Debug|Any CPU
		{E2C00D39-A8CF-48A1-9563-EC343598CA9B}.Debug|iPhone.Build.0 = Debug|Any CPU
		{E2C00D39-A8CF-48A1-9563-EC343598CA9B}.Debug|iPhoneSimulator.ActiveCfg = Debug|Any CPU
		{E2C00D39-A8CF-48A1-9563-EC343598CA9B}.Debug|iPhoneSimulator.Build.0 = Debug|Any CPU
		{E2C00D39-A8CF-48A1-9563-EC343598CA9B}.Release|Any CPU.ActiveCfg = Release|Any CPU
		{E2C00D39-A8CF-48A1-9563-EC343598CA9B}.Release|Any CPU.Build.0 = Release|Any CPU
		{E2C00D39-A8CF-48A1-9563-EC343598CA9B}.Release|iPhone.ActiveCfg = Release|Any CPU
		{E2C00D39-A8CF-48A1-9563-EC343598CA9B}.Release|iPhone.Build.0 = Release|Any CPU
		{E2C00D39-A8CF-48A1-9563-EC343598CA9B}.Release|iPhoneSimulator.ActiveCfg = Release|Any CPU
		{E2C00D39-A8CF-48A1-9563-EC343598CA9B}.Release|iPhoneSimulator.Build.0 = Release|Any CPU
		{180C74A1-3D99-44F5-9EDC-7668AAD0A87F}.Debug|Any CPU.ActiveCfg = Debug|Any CPU
		{180C74A1-3D99-44F5-9EDC-7668AAD0A87F}.Debug|Any CPU.Build.0 = Debug|Any CPU
		{180C74A1-3D99-44F5-9EDC-7668AAD0A87F}.Debug|iPhone.ActiveCfg = Debug|Any CPU
		{180C74A1-3D99-44F5-9EDC-7668AAD0A87F}.Debug|iPhone.Build.0 = Debug|Any CPU
		{180C74A1-3D99-44F5-9EDC-7668AAD0A87F}.Debug|iPhoneSimulator.ActiveCfg = Debug|Any CPU
		{180C74A1-3D99-44F5-9EDC-7668AAD0A87F}.Debug|iPhoneSimulator.Build.0 = Debug|Any CPU
		{180C74A1-3D99-44F5-9EDC-7668AAD0A87F}.Release|Any CPU.ActiveCfg = Release|Any CPU
		{180C74A1-3D99-44F5-9EDC-7668AAD0A87F}.Release|Any CPU.Build.0 = Release|Any CPU
		{180C74A1-3D99-44F5-9EDC-7668AAD0A87F}.Release|iPhone.ActiveCfg = Release|Any CPU
		{180C74A1-3D99-44F5-9EDC-7668AAD0A87F}.Release|iPhone.Build.0 = Release|Any CPU
		{180C74A1-3D99-44F5-9EDC-7668AAD0A87F}.Release|iPhoneSimulator.ActiveCfg = Release|Any CPU
		{180C74A1-3D99-44F5-9EDC-7668AAD0A87F}.Release|iPhoneSimulator.Build.0 = Release|Any CPU
		{E3CACA78-2F0B-4B10-8762-56980FD1D58A}.Debug|Any CPU.ActiveCfg = Debug|Any CPU
		{E3CACA78-2F0B-4B10-8762-56980FD1D58A}.Debug|Any CPU.Build.0 = Debug|Any CPU
		{E3CACA78-2F0B-4B10-8762-56980FD1D58A}.Debug|iPhone.ActiveCfg = Debug|Any CPU
		{E3CACA78-2F0B-4B10-8762-56980FD1D58A}.Debug|iPhone.Build.0 = Debug|Any CPU
		{E3CACA78-2F0B-4B10-8762-56980FD1D58A}.Debug|iPhoneSimulator.ActiveCfg = Debug|Any CPU
		{E3CACA78-2F0B-4B10-8762-56980FD1D58A}.Debug|iPhoneSimulator.Build.0 = Debug|Any CPU
		{E3CACA78-2F0B-4B10-8762-56980FD1D58A}.Release|Any CPU.ActiveCfg = Release|Any CPU
		{E3CACA78-2F0B-4B10-8762-56980FD1D58A}.Release|Any CPU.Build.0 = Release|Any CPU
		{E3CACA78-2F0B-4B10-8762-56980FD1D58A}.Release|iPhone.ActiveCfg = Release|Any CPU
		{E3CACA78-2F0B-4B10-8762-56980FD1D58A}.Release|iPhone.Build.0 = Release|Any CPU
		{E3CACA78-2F0B-4B10-8762-56980FD1D58A}.Release|iPhoneSimulator.ActiveCfg = Release|Any CPU
		{E3CACA78-2F0B-4B10-8762-56980FD1D58A}.Release|iPhoneSimulator.Build.0 = Release|Any CPU
		{9ADA01C8-8752-4693-807B-A42ADAE44A70}.Debug|Any CPU.ActiveCfg = Debug|Any CPU
		{9ADA01C8-8752-4693-807B-A42ADAE44A70}.Debug|Any CPU.Build.0 = Debug|Any CPU
		{9ADA01C8-8752-4693-807B-A42ADAE44A70}.Debug|iPhone.ActiveCfg = Debug|Any CPU
		{9ADA01C8-8752-4693-807B-A42ADAE44A70}.Debug|iPhone.Build.0 = Debug|Any CPU
		{9ADA01C8-8752-4693-807B-A42ADAE44A70}.Debug|iPhoneSimulator.ActiveCfg = Debug|Any CPU
		{9ADA01C8-8752-4693-807B-A42ADAE44A70}.Debug|iPhoneSimulator.Build.0 = Debug|Any CPU
		{9ADA01C8-8752-4693-807B-A42ADAE44A70}.Release|Any CPU.ActiveCfg = Release|Any CPU
		{9ADA01C8-8752-4693-807B-A42ADAE44A70}.Release|Any CPU.Build.0 = Release|Any CPU
		{9ADA01C8-8752-4693-807B-A42ADAE44A70}.Release|iPhone.ActiveCfg = Release|Any CPU
		{9ADA01C8-8752-4693-807B-A42ADAE44A70}.Release|iPhone.Build.0 = Release|Any CPU
		{9ADA01C8-8752-4693-807B-A42ADAE44A70}.Release|iPhoneSimulator.ActiveCfg = Release|Any CPU
		{9ADA01C8-8752-4693-807B-A42ADAE44A70}.Release|iPhoneSimulator.Build.0 = Release|Any CPU
	EndGlobalSection
	GlobalSection(SolutionProperties) = preSolution
		HideSolutionNode = FALSE
	EndGlobalSection
	GlobalSection(NestedProjects) = preSolution
		{F5A76666-B800-4ED8-BAAC-51E6ACFF13D4} = {79DF4256-FAC5-43CC-B0C3-57854FE17142}
		{11119153-C54A-4AEE-B400-FCC5AC8920E9} = {79DF4256-FAC5-43CC-B0C3-57854FE17142}
		{A127A7A3-7828-47C4-A359-7799F93E8C0D} = {3D915078-E806-4E67-ADF1-0E887A9E0680}
		{6EA8A02C-F85E-45CE-9317-5A8FCFF72C0D} = {3D915078-E806-4E67-ADF1-0E887A9E0680}
		{E39A8B5E-3165-44B3-A594-8C8B828449D4} = {94BC29AA-6705-494D-9530-B5818129389A}
		{EFE0F124-B6EE-4CBA-AD85-AC37B606CD87} = {2E7AC85C-5CB1-4CBD-878B-69A44CF087E2}
		{22C23188-0F0C-4EAC-A476-CE2EA6ED14A2} = {79DF4256-FAC5-43CC-B0C3-57854FE17142}
		{8CD88162-5F79-4B34-9E8C-1CF1592F7268} = {79DF4256-FAC5-43CC-B0C3-57854FE17142}
		{B6533507-E36B-444E-B661-35CBC452D365} = {79DF4256-FAC5-43CC-B0C3-57854FE17142}
		{79DF4256-FAC5-43CC-B0C3-57854FE17142} = {828F1202-D420-46FD-918A-64F11C9A1AAF}
		{A6298B62-6B00-4039-8D41-0D88E30B7E7D} = {2E7AC85C-5CB1-4CBD-878B-69A44CF087E2}
		{94BC29AA-6705-494D-9530-B5818129389A} = {828F1202-D420-46FD-918A-64F11C9A1AAF}
		{19B61390-F70D-4E42-9470-FE2334EFEA3E} = {94BC29AA-6705-494D-9530-B5818129389A}
		{2E7AC85C-5CB1-4CBD-878B-69A44CF087E2} = {828F1202-D420-46FD-918A-64F11C9A1AAF}
		{06A458CF-9063-484A-9974-8597A7D8353D} = {828F1202-D420-46FD-918A-64F11C9A1AAF}
		{293DF9DB-EEC4-42C9-99B5-AC0650A52DD5} = {2E7AC85C-5CB1-4CBD-878B-69A44CF087E2}
		{8CDAFA2B-8F11-4FAF-AC0D-9AFB74E2BDC8} = {828F1202-D420-46FD-918A-64F11C9A1AAF}
		{9760026E-C1AC-41CE-8253-32722DE5612D} = {8CDAFA2B-8F11-4FAF-AC0D-9AFB74E2BDC8}
		{2D2D347B-9A8E-4C22-85E9-A93748E29E93} = {8CDAFA2B-8F11-4FAF-AC0D-9AFB74E2BDC8}
		{E2C00D39-A8CF-48A1-9563-EC343598CA9B} = {8CDAFA2B-8F11-4FAF-AC0D-9AFB74E2BDC8}
		{180C74A1-3D99-44F5-9EDC-7668AAD0A87F} = {8CDAFA2B-8F11-4FAF-AC0D-9AFB74E2BDC8}
		{344F6058-814D-4CF2-86A6-F50D48DDC114} = {828F1202-D420-46FD-918A-64F11C9A1AAF}
		{E3CACA78-2F0B-4B10-8762-56980FD1D58A} = {344F6058-814D-4CF2-86A6-F50D48DDC114}
		{9ADA01C8-8752-4693-807B-A42ADAE44A70} = {344F6058-814D-4CF2-86A6-F50D48DDC114}
	EndGlobalSection
	GlobalSection(ExtensibilityGlobals) = postSolution
		SolutionGuid = {E0738F95-BE87-4581-BF1C-F0A2F2866DF3}
	EndGlobalSection
EndGlobal
